Microsoft Visual Studio Solution File, Format Version 11.00
# Visual Studio 2008

Project("{D33E88AC-0674-A3D2-3E3D-23AE4E331884}") = "EXAMPLE PROJECT", "Assembly-CSharp.csproj", "{C1B2A559-C04B-B2BD-D4DB-D2A2481DEFA1}"
EndProject
Global
	GlobalSection(SolutionConfigurationPlatforms) = preSolution
		Debug|Any CPU = Debug|Any CPU
		Release|Any CPU = Release|Any CPU
	EndGlobalSection
	GlobalSection(ProjectConfigurationPlatforms) = postSolution
		{C1B2A559-C04B-B2BD-D4DB-D2A2481DEFA1}.Debug|Any CPU.ActiveCfg = Debug|Any CPU
		{C1B2A559-C04B-B2BD-D4DB-D2A2481DEFA1}.Debug|Any CPU.Build.0 = Debug|Any CPU
		{C1B2A559-C04B-B2BD-D4DB-D2A2481DEFA1}.Release|Any CPU.ActiveCfg = Release|Any CPU
		{C1B2A559-C04B-B2BD-D4DB-D2A2481DEFA1}.Release|Any CPU.Build.0 = Release|Any CPU
	EndGlobalSection
	GlobalSection(SolutionProperties) = preSolution
		HideSolutionNode = FALSE
	EndGlobalSection
	GlobalSection(MonoDevelopProperties) = preSolution
		StartupItem = Assembly-CSharp.csproj
	EndGlobalSection
EndGlobal
